// !$*UTF8*$!
{
	archiveVersion = 1;
	classes = {
	};
	objectVersion = 51;
	objects = {

/* Begin PBXBuildFile section */
		4DEFED5FEB9EE864D11AC94B /* Pods_RNDM.framework in Frameworks */ = {isa = PBXBuildFile; fileRef = 312B40C12F96DDCA225EE2DB /* Pods_RNDM.framework */; };
		AC6B576C2429377300683B47 /* AppDelegate.swift in Sources */ = {isa = PBXBuildFile; fileRef = AC6B576B2429377300683B47 /* AppDelegate.swift */; };
		AC6B576E2429377300683B47 /* SceneDelegate.swift in Sources */ = {isa = PBXBuildFile; fileRef = AC6B576D2429377300683B47 /* SceneDelegate.swift */; };
		AC6B57702429377300683B47 /* MainVC.swift in Sources */ = {isa = PBXBuildFile; fileRef = AC6B576F2429377300683B47 /* MainVC.swift */; };
		AC6B57732429377300683B47 /* Main.storyboard in Resources */ = {isa = PBXBuildFile; fileRef = AC6B57712429377300683B47 /* Main.storyboard */; };
		AC6B57752429377400683B47 /* Assets.xcassets in Resources */ = {isa = PBXBuildFile; fileRef = AC6B57742429377400683B47 /* Assets.xcassets */; };
		AC6B57782429377400683B47 /* LaunchScreen.storyboard in Resources */ = {isa = PBXBuildFile; fileRef = AC6B57762429377400683B47 /* LaunchScreen.storyboard */; };
		AC6B5780242938F800683B47 /* GoogleService-Info.plist in Resources */ = {isa = PBXBuildFile; fileRef = AC6B577F242938F800683B47 /* GoogleService-Info.plist */; };
		AC9A345B2433FA7D008F59CC /* LoginVC.swift in Sources */ = {isa = PBXBuildFile; fileRef = AC9A345A2433FA7D008F59CC /* LoginVC.swift */; };
		AC9A345D2433FC40008F59CC /* CreateUserVC.swift in Sources */ = {isa = PBXBuildFile; fileRef = AC9A345C2433FC40008F59CC /* CreateUserVC.swift */; };
		ACA3B43E242C13320067AB5E /* Constants.swift in Sources */ = {isa = PBXBuildFile; fileRef = ACA3B43D242C13320067AB5E /* Constants.swift */; };
		ACD77620242D5BA900718E80 /* Thought.swift in Sources */ = {isa = PBXBuildFile; fileRef = ACD7761F242D5BA900718E80 /* Thought.swift */; };
		ACD77622242D5D2500718E80 /* ThoughtCell.swift in Sources */ = {isa = PBXBuildFile; fileRef = ACD77621242D5D2500718E80 /* ThoughtCell.swift */; };
		ACE9017B24296EF600655163 /* AddThoughtVC.swift in Sources */ = {isa = PBXBuildFile; fileRef = ACE9017A24296EF600655163 /* AddThoughtVC.swift */; };
/* End PBXBuildFile section */

/* Begin PBXFileReference section */
		312B40C12F96DDCA225EE2DB /* Pods_RNDM.framework */ = {isa = PBXFileReference; explicitFileType = wrapper.framework; includeInIndex = 0; path = Pods_RNDM.framework; sourceTree = BUILT_PRODUCTS_DIR; };
		9E82B2F6CD46763FDF55BAFB /* Pods-RNDM.debug.xcconfig */ = {isa = PBXFileReference; includeInIndex = 1; lastKnownFileType = text.xcconfig; name = "Pods-RNDM.debug.xcconfig"; path = "Target Support Files/Pods-RNDM/Pods-RNDM.debug.xcconfig"; sourceTree = "<group>"; };
		AC6B57682429377300683B47 /* RNDM.app */ = {isa = PBXFileReference; explicitFileType = wrapper.application; includeInIndex = 0; path = RNDM.app; sourceTree = BUILT_PRODUCTS_DIR; };
		AC6B576B2429377300683B47 /* AppDelegate.swift */ = {isa = PBXFileReference; lastKnownFileType = sourcecode.swift; path = AppDelegate.swift; sourceTree = "<group>"; };
		AC6B576D2429377300683B47 /* SceneDelegate.swift */ = {isa = PBXFileReference; lastKnownFileType = sourcecode.swift; path = SceneDelegate.swift; sourceTree = "<group>"; };
		AC6B576F2429377300683B47 /* MainVC.swift */ = {isa = PBXFileReference; lastKnownFileType = sourcecode.swift; path = MainVC.swift; sourceTree = "<group>"; };
		AC6B57722429377300683B47 /* Base */ = {isa = PBXFileReference; lastKnownFileType = file.storyboard; name = Base; path = Base.lproj/Main.storyboard; sourceTree = "<group>"; };
		AC6B57742429377400683B47 /* Assets.xcassets */ = {isa = PBXFileReference; lastKnownFileType = folder.assetcatalog; path = Assets.xcassets; sourceTree = "<group>"; };
		AC6B57772429377400683B47 /* Base */ = {isa = PBXFileReference; lastKnownFileType = file.storyboard; name = Base; path = Base.lproj/LaunchScreen.storyboard; sourceTree = "<group>"; };
		AC6B57792429377400683B47 /* Info.plist */ = {isa = PBXFileReference; lastKnownFileType = text.plist.xml; path = Info.plist; sourceTree = "<group>"; };
		AC6B577F242938F800683B47 /* GoogleService-Info.plist */ = {isa = PBXFileReference; fileEncoding = 4; lastKnownFileType = text.plist.xml; path = "GoogleService-Info.plist"; sourceTree = "<group>"; };
		AC9A345A2433FA7D008F59CC /* LoginVC.swift */ = {isa = PBXFileReference; lastKnownFileType = sourcecode.swift; path = LoginVC.swift; sourceTree = "<group>"; };
		AC9A345C2433FC40008F59CC /* CreateUserVC.swift */ = {isa = PBXFileReference; lastKnownFileType = sourcecode.swift; path = CreateUserVC.swift; sourceTree = "<group>"; };
		ACA3B43D242C13320067AB5E /* Constants.swift */ = {isa = PBXFileReference; lastKnownFileType = sourcecode.swift; path = Constants.swift; sourceTree = "<group>"; };
		ACD7761F242D5BA900718E80 /* Thought.swift */ = {isa = PBXFileReference; lastKnownFileType = sourcecode.swift; path = Thought.swift; sourceTree = "<group>"; };
		ACD77621242D5D2500718E80 /* ThoughtCell.swift */ = {isa = PBXFileReference; lastKnownFileType = sourcecode.swift; path = ThoughtCell.swift; sourceTree = "<group>"; };
		ACE9017A24296EF600655163 /* AddThoughtVC.swift */ = {isa = PBXFileReference; lastKnownFileType = sourcecode.swift; path = AddThoughtVC.swift; sourceTree = "<group>"; };
		E74D0C26031F5E9DCB811C37 /* Pods-RNDM.release.xcconfig */ = {isa = PBXFileReference; includeInIndex = 1; lastKnownFileType = text.xcconfig; name = "Pods-RNDM.release.xcconfig"; path = "Target Support Files/Pods-RNDM/Pods-RNDM.release.xcconfig"; sourceTree = "<group>"; };
/* End PBXFileReference section */

/* Begin PBXFrameworksBuildPhase section */
		AC6B57652429377300683B47 /* Frameworks */ = {
			isa = PBXFrameworksBuildPhase;
			buildActionMask = 2147483647;
			files = (
				4DEFED5FEB9EE864D11AC94B /* Pods_RNDM.framework in Frameworks */,
			);
			runOnlyForDeploymentPostprocessing = 0;
		};
/* End PBXFrameworksBuildPhase section */

/* Begin PBXGroup section */
		449EBABF0FFC1B241AD3AA58 /* Pods */ = {
			isa = PBXGroup;
			children = (
				9E82B2F6CD46763FDF55BAFB /* Pods-RNDM.debug.xcconfig */,
				E74D0C26031F5E9DCB811C37 /* Pods-RNDM.release.xcconfig */,
			);
			path = Pods;
			sourceTree = "<group>";
		};
		AC6B575F2429377300683B47 = {
			isa = PBXGroup;
			children = (
				AC6B576A2429377300683B47 /* RNDM */,
				AC6B57692429377300683B47 /* Products */,
				449EBABF0FFC1B241AD3AA58 /* Pods */,
				F1D95A86BC0E0DB035088907 /* Frameworks */,
			);
			sourceTree = "<group>";
		};
		AC6B57692429377300683B47 /* Products */ = {
			isa = PBXGroup;
			children = (
				AC6B57682429377300683B47 /* RNDM.app */,
			);
			name = Products;
			sourceTree = "<group>";
		};
		AC6B576A2429377300683B47 /* RNDM */ = {
			isa = PBXGroup;
			children = (
				ACA3B43C242C131E0067AB5E /* Utilities */,
				ACE9017E24296F0C00655163 /* Model */,
				ACE9017D24296F0500655163 /* View */,
				ACE9017C24296EFB00655163 /* Controller */,
				AC6B576B2429377300683B47 /* AppDelegate.swift */,
				AC6B576D2429377300683B47 /* SceneDelegate.swift */,
				AC6B57712429377300683B47 /* Main.storyboard */,
				AC6B57742429377400683B47 /* Assets.xcassets */,
				AC6B57762429377400683B47 /* LaunchScreen.storyboard */,
				AC6B577F242938F800683B47 /* GoogleService-Info.plist */,
				AC6B57792429377400683B47 /* Info.plist */,
			);
			path = RNDM;
			sourceTree = "<group>";
		};
		ACA3B43C242C131E0067AB5E /* Utilities */ = {
			isa = PBXGroup;
			children = (
				ACA3B43D242C13320067AB5E /* Constants.swift */,
			);
			path = Utilities;
			sourceTree = "<group>";
		};
		ACE9017C24296EFB00655163 /* Controller */ = {
			isa = PBXGroup;
			children = (
				AC6B576F2429377300683B47 /* MainVC.swift */,
				ACE9017A24296EF600655163 /* AddThoughtVC.swift */,
				AC9A345A2433FA7D008F59CC /* LoginVC.swift */,
				AC9A345C2433FC40008F59CC /* CreateUserVC.swift */,
			);
			path = Controller;
			sourceTree = "<group>";
		};
		ACE9017D24296F0500655163 /* View */ = {
			isa = PBXGroup;
			children = (
				ACD77621242D5D2500718E80 /* ThoughtCell.swift */,
			);
			path = View;
			sourceTree = "<group>";
		};
		ACE9017E24296F0C00655163 /* Model */ = {
			isa = PBXGroup;
			children = (
				ACD7761F242D5BA900718E80 /* Thought.swift */,
			);
			path = Model;
			sourceTree = "<group>";
		};
		F1D95A86BC0E0DB035088907 /* Frameworks */ = {
			isa = PBXGroup;
			children = (
				312B40C12F96DDCA225EE2DB /* Pods_RNDM.framework */,
			);
			name = Frameworks;
			sourceTree = "<group>";
		};
/* End PBXGroup section */

/* Begin PBXNativeTarget section */
		AC6B57672429377300683B47 /* RNDM */ = {
			isa = PBXNativeTarget;
			buildConfigurationList = AC6B577C2429377400683B47 /* Build configuration list for PBXNativeTarget "RNDM" */;
			buildPhases = (
				01BCAE3A9EEB471D827A679C /* [CP] Check Pods Manifest.lock */,
				AC6B57642429377300683B47 /* Sources */,
				AC6B57652429377300683B47 /* Frameworks */,
				AC6B57662429377300683B47 /* Resources */,
				6EE5BC8FB877DEA4BE364121 /* [CP] Embed Pods Frameworks */,
			);
			buildRules = (
			);
			dependencies = (
			);
			name = RNDM;
			productName = RNDM;
			productReference = AC6B57682429377300683B47 /* RNDM.app */;
			productType = "com.apple.product-type.application";
		};
/* End PBXNativeTarget section */

/* Begin PBXProject section */
		AC6B57602429377300683B47 /* Project object */ = {
			isa = PBXProject;
			attributes = {
				LastSwiftUpdateCheck = 1130;
				LastUpgradeCheck = 1130;
				ORGANIZATIONNAME = "Viktor Yamchinov";
				TargetAttributes = {
					AC6B57672429377300683B47 = {
						CreatedOnToolsVersion = 11.3.1;
					};
				};
			};
			buildConfigurationList = AC6B57632429377300683B47 /* Build configuration list for PBXProject "RNDM" */;
			compatibilityVersion = "Xcode 9.3";
			developmentRegion = en;
			hasScannedForEncodings = 0;
			knownRegions = (
				en,
				Base,
			);
			mainGroup = AC6B575F2429377300683B47;
			productRefGroup = AC6B57692429377300683B47 /* Products */;
			projectDirPath = "";
			projectRoot = "";
			targets = (
				AC6B57672429377300683B47 /* RNDM */,
			);
		};
/* End PBXProject section */

/* Begin PBXResourcesBuildPhase section */
		AC6B57662429377300683B47 /* Resources */ = {
			isa = PBXResourcesBuildPhase;
			buildActionMask = 2147483647;
			files = (
				AC6B57782429377400683B47 /* LaunchScreen.storyboard in Resources */,
				AC6B5780242938F800683B47 /* GoogleService-Info.plist in Resources */,
				AC6B57752429377400683B47 /* Assets.xcassets in Resources */,
				AC6B57732429377300683B47 /* Main.storyboard in Resources */,
			);
			runOnlyForDeploymentPostprocessing = 0;
		};
/* End PBXResourcesBuildPhase section */

/* Begin PBXShellScriptBuildPhase section */
		01BCAE3A9EEB471D827A679C /* [CP] Check Pods Manifest.lock */ = {
			isa = PBXShellScriptBuildPhase;
			buildActionMask = 2147483647;
			files = (
			);
			inputFileListPaths = (
			);
			inputPaths = (
				"${PODS_PODFILE_DIR_PATH}/Podfile.lock",
				"${PODS_ROOT}/Manifest.lock",
			);
			name = "[CP] Check Pods Manifest.lock";
			outputFileListPaths = (
			);
			outputPaths = (
				"$(DERIVED_FILE_DIR)/Pods-RNDM-checkManifestLockResult.txt",
			);
			runOnlyForDeploymentPostprocessing = 0;
			shellPath = /bin/sh;
			shellScript = "diff \"${PODS_PODFILE_DIR_PATH}/Podfile.lock\" \"${PODS_ROOT}/Manifest.lock\" > /dev/null\nif [ $? != 0 ] ; then\n    # print error to STDERR\n    echo \"error: The sandbox is not in sync with the Podfile.lock. Run 'pod install' or update your CocoaPods installation.\" >&2\n    exit 1\nfi\n# This output is used by Xcode 'outputs' to avoid re-running this script phase.\necho \"SUCCESS\" > \"${SCRIPT_OUTPUT_FILE_0}\"\n";
			showEnvVarsInLog = 0;
		};
		6EE5BC8FB877DEA4BE364121 /* [CP] Embed Pods Frameworks */ = {
			isa = PBXShellScriptBuildPhase;
			buildActionMask = 2147483647;
			files = (
			);
			inputFileListPaths = (
				"${PODS_ROOT}/Target Support Files/Pods-RNDM/Pods-RNDM-frameworks-${CONFIGURATION}-input-files.xcfilelist",
			);
			name = "[CP] Embed Pods Frameworks";
			outputFileListPaths = (
				"${PODS_ROOT}/Target Support Files/Pods-RNDM/Pods-RNDM-frameworks-${CONFIGURATION}-output-files.xcfilelist",
			);
			runOnlyForDeploymentPostprocessing = 0;
			shellPath = /bin/sh;
			shellScript = "\"${PODS_ROOT}/Target Support Files/Pods-RNDM/Pods-RNDM-frameworks.sh\"\n";
			showEnvVarsInLog = 0;
		};
/* End PBXShellScriptBuildPhase section */

/* Begin PBXSourcesBuildPhase section */
		AC6B57642429377300683B47 /* Sources */ = {
			isa = PBXSourcesBuildPhase;
			buildActionMask = 2147483647;
			files = (
				ACA3B43E242C13320067AB5E /* Constants.swift in Sources */,
				AC6B57702429377300683B47 /* MainVC.swift in Sources */,
				AC9A345B2433FA7D008F59CC /* LoginVC.swift in Sources */,
				AC6B576C2429377300683B47 /* AppDelegate.swift in Sources */,
				ACD77620242D5BA900718E80 /* Thought.swift in Sources */,
				ACE9017B24296EF600655163 /* AddThoughtVC.swift in Sources */,
				AC9A345D2433FC40008F59CC /* CreateUserVC.swift in Sources */,
				ACD77622242D5D2500718E80 /* ThoughtCell.swift in Sources */,
				AC6B576E2429377300683B47 /* SceneDelegate.swift in Sources */,
			);
			runOnlyForDeploymentPostprocessing = 0;
		};
/* End PBXSourcesBuildPhase section */

/* Begin PBXVariantGroup section */
		AC6B57712429377300683B47 /* Main.storyboard */ = {
			isa = PBXVariantGroup;
			children = (
				AC6B57722429377300683B47 /* Base */,
			);
			name = Main.storyboard;
			sourceTree = "<group>";
		};
		AC6B57762429377400683B47 /* LaunchScreen.storyboard */ = {
			isa = PBXVariantGroup;
			children = (
				AC6B57772429377400683B47 /* Base */,
			);
			name = LaunchScreen.storyboard;
			sourceTree = "<group>";
		};
/* End PBXVariantGroup section */

/* Begin XCBuildConfiguration section */
		AC6B577A2429377400683B47 /* Debug */ = {
			isa = XCBuildConfiguration;
			buildSettings = {
				ALWAYS_SEARCH_USER_PATHS = NO;
				CLANG_ANALYZER_NONNULL = YES;
				CLANG_ANALYZER_NUMBER_OBJECT_CONVERSION = YES_AGGRESSIVE;
				CLANG_CXX_LANGUAGE_STANDARD = "gnu++14";
				CLANG_CXX_LIBRARY = "libc++";
				CLANG_ENABLE_MODULES = YES;
				CLANG_ENABLE_OBJC_ARC = YES;
				CLANG_ENABLE_OBJC_WEAK = YES;
				CLANG_WARN_BLOCK_CAPTURE_AUTORELEASING = YES;
				CLANG_WARN_BOOL_CONVERSION = YES;
				CLANG_WARN_COMMA = YES;
				CLANG_WARN_CONSTANT_CONVERSION = YES;
				CLANG_WARN_DEPRECATED_OBJC_IMPLEMENTATIONS = YES;
				CLANG_WARN_DIRECT_OBJC_ISA_USAGE = YES_ERROR;
				CLANG_WARN_DOCUMENTATION_COMMENTS = YES;
				CLANG_WARN_EMPTY_BODY = YES;
				CLANG_WARN_ENUM_CONVERSION = YES;
				CLANG_WARN_INFINITE_RECURSION = YES;
				CLANG_WARN_INT_CONVERSION = YES;
				CLANG_WARN_NON_LITERAL_NULL_CONVERSION = YES;
				CLANG_WARN_OBJC_IMPLICIT_RETAIN_SELF = YES;
				CLANG_WARN_OBJC_LITERAL_CONVERSION = YES;
				CLANG_WARN_OBJC_ROOT_CLASS = YES_ERROR;
				CLANG_WARN_RANGE_LOOP_ANALYSIS = YES;
				CLANG_WARN_STRICT_PROTOTYPES = YES;
				CLANG_WARN_SUSPICIOUS_MOVE = YES;
				CLANG_WARN_UNGUARDED_AVAILABILITY = YES_AGGRESSIVE;
				CLANG_WARN_UNREACHABLE_CODE = YES;
				CLANG_WARN__DUPLICATE_METHOD_MATCH = YES;
				COPY_PHASE_STRIP = NO;
				DEBUG_INFORMATION_FORMAT = dwarf;
				ENABLE_STRICT_OBJC_MSGSEND = YES;
				ENABLE_TESTABILITY = YES;
				GCC_C_LANGUAGE_STANDARD = gnu11;
				GCC_DYNAMIC_NO_PIC = NO;
				GCC_NO_COMMON_BLOCKS = YES;
				GCC_OPTIMIZATION_LEVEL = 0;
				GCC_PREPROCESSOR_DEFINITIONS = (
					"DEBUG=1",
					"$(inherited)",
				);
				GCC_WARN_64_TO_32_BIT_CONVERSION = YES;
				GCC_WARN_ABOUT_RETURN_TYPE = YES_ERROR;
				GCC_WARN_UNDECLARED_SELECTOR = YES;
				GCC_WARN_UNINITIALIZED_AUTOS = YES_AGGRESSIVE;
				GCC_WARN_UNUSED_FUNCTION = YES;
				GCC_WARN_UNUSED_VARIABLE = YES;
				IPHONEOS_DEPLOYMENT_TARGET = 13.2;
				MTL_ENABLE_DEBUG_INFO = INCLUDE_SOURCE;
				MTL_FAST_MATH = YES;
				ONLY_ACTIVE_ARCH = YES;
				SDKROOT = iphoneos;
				SWIFT_ACTIVE_COMPILATION_CONDITIONS = DEBUG;
				SWIFT_OPTIMIZATION_LEVEL = "-Onone";
			};
			name = Debug;
		};
		AC6B577B2429377400683B47 /* Release */ = {
			isa = XCBuildConfiguration;
			buildSettings = {
				ALWAYS_SEARCH_USER_PATHS = NO;
				CLANG_ANALYZER_NONNULL = YES;
				CLANG_ANALYZER_NUMBER_OBJECT_CONVERSION = YES_AGGRESSIVE;
				CLANG_CXX_LANGUAGE_STANDARD = "gnu++14";
				CLANG_CXX_LIBRARY = "libc++";
				CLANG_ENABLE_MODULES = YES;
				CLANG_ENABLE_OBJC_ARC = YES;
				CLANG_ENABLE_OBJC_WEAK = YES;
				CLANG_WARN_BLOCK_CAPTURE_AUTORELEASING = YES;
				CLANG_WARN_BOOL_CONVERSION = YES;
				CLANG_WARN_COMMA = YES;
				CLANG_WARN_CONSTANT_CONVERSION = YES;
				CLANG_WARN_DEPRECATED_OBJC_IMPLEMENTATIONS = YES;
				CLANG_WARN_DIRECT_OBJC_ISA_USAGE = YES_ERROR;
				CLANG_WARN_DOCUMENTATION_COMMENTS = YES;
				CLANG_WARN_EMPTY_BODY = YES;
				CLANG_WARN_ENUM_CONVERSION = YES;
				CLANG_WARN_INFINITE_RECURSION = YES;
				CLANG_WARN_INT_CONVERSION = YES;
				CLANG_WARN_NON_LITERAL_NULL_CONVERSION = YES;
				CLANG_WARN_OBJC_IMPLICIT_RETAIN_SELF = YES;
				CLANG_WARN_OBJC_LITERAL_CONVERSION = YES;
				CLANG_WARN_OBJC_ROOT_CLASS = YES_ERROR;
				CLANG_WARN_RANGE_LOOP_ANALYSIS = YES;
				CLANG_WARN_STRICT_PROTOTYPES = YES;
				CLANG_WARN_SUSPICIOUS_MOVE = YES;
				CLANG_WARN_UNGUARDED_AVAILABILITY = YES_AGGRESSIVE;
				CLANG_WARN_UNREACHABLE_CODE = YES;
				CLANG_WARN__DUPLICATE_METHOD_MATCH = YES;
				COPY_PHASE_STRIP = NO;
				DEBUG_INFORMATION_FORMAT = "dwarf-with-dsym";
				ENABLE_NS_ASSERTIONS = NO;
				ENABLE_STRICT_OBJC_MSGSEND = YES;
				GCC_C_LANGUAGE_STANDARD = gnu11;
				GCC_NO_COMMON_BLOCKS = YES;
				GCC_WARN_64_TO_32_BIT_CONVERSION = YES;
				GCC_WARN_ABOUT_RETURN_TYPE = YES_ERROR;
				GCC_WARN_UNDECLARED_SELECTOR = YES;
				GCC_WARN_UNINITIALIZED_AUTOS = YES_AGGRESSIVE;
				GCC_WARN_UNUSED_FUNCTION = YES;
				GCC_WARN_UNUSED_VARIABLE = YES;
				IPHONEOS_DEPLOYMENT_TARGET = 13.2;
				MTL_ENABLE_DEBUG_INFO = NO;
				MTL_FAST_MATH = YES;
				SDKROOT = iphoneos;
				SWIFT_COMPILATION_MODE = wholemodule;
				SWIFT_OPTIMIZATION_LEVEL = "-O";
				VALIDATE_PRODUCT = YES;
			};
			name = Release;
		};
		AC6B577D2429377400683B47 /* Debug */ = {
			isa = XCBuildConfiguration;
			baseConfigurationReference = 9E82B2F6CD46763FDF55BAFB /* Pods-RNDM.debug.xcconfig */;
			buildSettings = {
				ASSETCATALOG_COMPILER_APPICON_NAME = AppIcon;
				CODE_SIGN_STYLE = Automatic;
				DEVELOPMENT_TEAM = 493PFTF9Q4;
				INFOPLIST_FILE = RNDM/Info.plist;
				LD_RUNPATH_SEARCH_PATHS = (
					"$(inherited)",
					"@executable_path/Frameworks",
				);
				PRODUCT_BUNDLE_IDENTIFIER = com.techforline.RNDM;
				PRODUCT_NAME = "$(TARGET_NAME)";
				SWIFT_VERSION = 5.0;
				TARGETED_DEVICE_FAMILY = 1;
			};
			name = Debug;
		};
		AC6B577E2429377400683B47 /* Release */ = {
			isa = XCBuildConfiguration;
			baseConfigurationReference = E74D0C26031F5E9DCB811C37 /* Pods-RNDM.release.xcconfig */;
			buildSettings = {
				ASSETCATALOG_COMPILER_APPICON_NAME = AppIcon;
				CODE_SIGN_STYLE = Automatic;
				DEVELOPMENT_TEAM = 493PFTF9Q4;
				INFOPLIST_FILE = RNDM/Info.plist;
				LD_RUNPATH_SEARCH_PATHS = (
					"$(inherited)",
					"@executable_path/Frameworks",
				);
				PRODUCT_BUNDLE_IDENTIFIER = com.techforline.RNDM;
				PRODUCT_NAME = "$(TARGET_NAME)";
				SWIFT_VERSION = 5.0;
				TARGETED_DEVICE_FAMILY = 1;
			};
			name = Release;
		};
/* End XCBuildConfiguration section */

/* Begin XCConfigurationList section */
		AC6B57632429377300683B47 /* Build configuration list for PBXProject "RNDM" */ = {
			isa = XCConfigurationList;
			buildConfigurations = (
				AC6B577A2429377400683B47 /* Debug */,
				AC6B577B2429377400683B47 /* Release */,
			);
			defaultConfigurationIsVisible = 0;
			defaultConfigurationName = Release;
		};
		AC6B577C2429377400683B47 /* Build configuration list for PBXNativeTarget "RNDM" */ = {
			isa = XCConfigurationList;
			buildConfigurations = (
				AC6B577D2429377400683B47 /* Debug */,
				AC6B577E2429377400683B47 /* Release */,
			);
			defaultConfigurationIsVisible = 0;
			defaultConfigurationName = Release;
		};
/* End XCConfigurationList section */
	};
	rootObject = AC6B57602429377300683B47 /* Project object */;
}
